
Microsoft Visual Studio Solution File, Format Version 12.00
# Visual Studio Version 16
VisualStudioVersion = 16.0.31515.178
MinimumVisualStudioVersion = 10.0.40219.1
Project("{FAE04EC0-301F-11D3-BF4B-00C04F79EFBC}") = "Dapper.Repository", "Dapper.Repository\Dapper.Repository.csproj", "{29506F0B-6FFA-4F7E-A78E-4333CE34FA4C}"
EndProject
Global
	GlobalSection(SolutionConfigurationPlatforms) = preSolution
		Debug|Any CPU = Debug|Any CPU
		Release|Any CPU = Release|Any CPU
	EndGlobalSection
	GlobalSection(ProjectConfigurationPlatforms) = postSolution
		{29506F0B-6FFA-4F7E-A78E-4333CE34FA4C}.Debug|Any CPU.ActiveCfg = Debug|Any CPU
		{29506F0B-6FFA-4F7E-A78E-4333CE34FA4C}.Debug|Any CPU.Build.0 = Debug|Any CPU
		{29506F0B-6FFA-4F7E-A78E-4333CE34FA4C}.Release|Any CPU.ActiveCfg = Release|Any CPU
		{29506F0B-6FFA-4F7E-A78E-4333CE34FA4C}.Release|Any CPU.Build.0 = Release|Any CPU
	EndGlobalSection
	GlobalSection(SolutionProperties) = preSolution
		HideSolutionNode = FALSE
	EndGlobalSection
	GlobalSection(ExtensibilityGlobals) = postSolution
		SolutionGuid = {1AA82546-A3A2-4BA6-9D4F-068C44BF8FD4}
	EndGlobalSection
EndGlobal
